
Microsoft Visual Studio Solution File, Format Version 12.00
# Visual Studio 15
VisualStudioVersion = 15.0.27130.2027
MinimumVisualStudioVersion = 10.0.40219.1
Project("{FAE04EC0-301F-11D3-BF4B-00C04F79EFBC}") = "Test_dotnetUpload", "Test_dotnetUpload\Test_dotnetUpload.csproj", "{15A062DA-99FA-42F9-B7D7-B011C828A806}"
EndProject
Global
	GlobalSection(SolutionConfigurationPlatforms) = preSolution
		Debug|Any CPU = Debug|Any CPU
		Release|Any CPU = Release|Any CPU
	EndGlobalSection
	GlobalSection(ProjectConfigurationPlatforms) = postSolution
		{15A062DA-99FA-42F9-B7D7-B011C828A806}.Debug|Any CPU.ActiveCfg = Debug|Any CPU
		{15A062DA-99FA-42F9-B7D7-B011C828A806}.Debug|Any CPU.Build.0 = Debug|Any CPU
		{15A062DA-99FA-42F9-B7D7-B011C828A806}.Release|Any CPU.ActiveCfg = Release|Any CPU
		{15A062DA-99FA-42F9-B7D7-B011C828A806}.Release|Any CPU.Build.0 = Release|Any CPU
	EndGlobalSection
	GlobalSection(SolutionProperties) = preSolution
		HideSolutionNode = FALSE
	EndGlobalSection
	GlobalSection(ExtensibilityGlobals) = postSolution
		SolutionGuid = {FE0D749A-7EE1-449C-A490-5EB964DECFF7}
	EndGlobalSection
EndGlobal
